{
  "originHash" : "10032de8f5affb842edff75d7d48fe7e28b6ec3e38091d6fd10485ad3ea53c04",
  "pins" : [
    {
      "identity" : "rog-design-kit",
      "kind" : "remoteSourceControl",
      "location" : "https://github.com/mobilenativedev001/Rog-design-kit",
      "state" : {
        "branch" : "main",
        "revision" : "630d68bd9b646e5004a3b991f004e8035d04eee8"
      }
    }
  ],
  "version" : 3
}
